// !$*UTF8*$!
{
	archiveVersion = 1;
	classes = {
	};
	objectVersion = 50;
	objects = {

/* Begin PBXBuildFile section */
		71212C4C2536008B008572F4 /* listViewController.swift in Sources */ = {isa = PBXBuildFile; fileRef = 71212C4B2536008B008572F4 /* listViewController.swift */; };
		714E7E66255B04FA00522F7A /* listCameraViewController.swift in Sources */ = {isa = PBXBuildFile; fileRef = 714E7E65255B04FA00522F7A /* listCameraViewController.swift */; };
		714E7E6B255B051900522F7A /* eAddCameraViewController.swift in Sources */ = {isa = PBXBuildFile; fileRef = 714E7E6A255B051900522F7A /* eAddCameraViewController.swift */; };
		716A3AF72542043100A7DA2A /* preViewController.swift in Sources */ = {isa = PBXBuildFile; fileRef = 716A3AF62542043100A7DA2A /* preViewController.swift */; };
		718504EE252623E8007C9DF3 /* AppDelegate.swift in Sources */ = {isa = PBXBuildFile; fileRef = 718504ED252623E8007C9DF3 /* AppDelegate.swift */; };
		718504F0252623E8007C9DF3 /* SceneDelegate.swift in Sources */ = {isa = PBXBuildFile; fileRef = 718504EF252623E8007C9DF3 /* SceneDelegate.swift */; };
		718504F2252623E8007C9DF3 /* ViewController.swift in Sources */ = {isa = PBXBuildFile; fileRef = 718504F1252623E8007C9DF3 /* ViewController.swift */; };
		718504F5252623E8007C9DF3 /* Main.storyboard in Resources */ = {isa = PBXBuildFile; fileRef = 718504F3252623E8007C9DF3 /* Main.storyboard */; };
		718504F7252623E8007C9DF3 /* Assets.xcassets in Resources */ = {isa = PBXBuildFile; fileRef = 718504F6252623E8007C9DF3 /* Assets.xcassets */; };
		718504FA252623E8007C9DF3 /* LaunchScreen.storyboard in Resources */ = {isa = PBXBuildFile; fileRef = 718504F8252623E8007C9DF3 /* LaunchScreen.storyboard */; };
		71850505252623E8007C9DF3 /* eScannerTests.swift in Sources */ = {isa = PBXBuildFile; fileRef = 71850504252623E8007C9DF3 /* eScannerTests.swift */; };
		71850510252623E9007C9DF3 /* eScannerUITests.swift in Sources */ = {isa = PBXBuildFile; fileRef = 7185050F252623E9007C9DF3 /* eScannerUITests.swift */; };
		71BB43C925669D0A006F1245 /* OcrTextView.swift in Sources */ = {isa = PBXBuildFile; fileRef = 71BB43C825669D0A006F1245 /* OcrTextView.swift */; };
		71BDE3E42537A08C006D460F /* eAddViewController.swift in Sources */ = {isa = PBXBuildFile; fileRef = 71BDE3E32537A08C006D460F /* eAddViewController.swift */; };
/* End PBXBuildFile section */

/* Begin PBXBuildRule section */
		71DD4628255D3B2400223C4D /* PBXBuildRule */ = {
			isa = PBXBuildRule;
			compilerSpec = com.apple.compilers.proxy.script;
			fileType = wrapper.xcmappingmodel;
			inputFiles = (
			);
			isEditable = 1;
			outputFiles = (
			);
			script = "# mapc\n";
		};
/* End PBXBuildRule section */

/* Begin PBXContainerItemProxy section */
		71850501252623E8007C9DF3 /* PBXContainerItemProxy */ = {
			isa = PBXContainerItemProxy;
			containerPortal = 718504E2252623E8007C9DF3 /* Project object */;
			proxyType = 1;
			remoteGlobalIDString = 718504E9252623E8007C9DF3;
			remoteInfo = eScanner;
		};
		7185050C252623E9007C9DF3 /* PBXContainerItemProxy */ = {
			isa = PBXContainerItemProxy;
			containerPortal = 718504E2252623E8007C9DF3 /* Project object */;
			proxyType = 1;
			remoteGlobalIDString = 718504E9252623E8007C9DF3;
			remoteInfo = eScanner;
		};
/* End PBXContainerItemProxy section */

/* Begin PBXFileReference section */
		71212C4B2536008B008572F4 /* listViewController.swift */ = {isa = PBXFileReference; lastKnownFileType = sourcecode.swift; path = listViewController.swift; sourceTree = "<group>"; };
		714E7E65255B04FA00522F7A /* listCameraViewController.swift */ = {isa = PBXFileReference; lastKnownFileType = sourcecode.swift; path = listCameraViewController.swift; sourceTree = "<group>"; };
		714E7E6A255B051900522F7A /* eAddCameraViewController.swift */ = {isa = PBXFileReference; lastKnownFileType = sourcecode.swift; path = eAddCameraViewController.swift; sourceTree = "<group>"; };
		716A3AF62542043100A7DA2A /* preViewController.swift */ = {isa = PBXFileReference; lastKnownFileType = sourcecode.swift; path = preViewController.swift; sourceTree = "<group>"; };
		718504EA252623E8007C9DF3 /* eScanner.app */ = {isa = PBXFileReference; explicitFileType = wrapper.application; includeInIndex = 0; path = eScanner.app; sourceTree = BUILT_PRODUCTS_DIR; };
		718504ED252623E8007C9DF3 /* AppDelegate.swift */ = {isa = PBXFileReference; lastKnownFileType = sourcecode.swift; path = AppDelegate.swift; sourceTree = "<group>"; };
		718504EF252623E8007C9DF3 /* SceneDelegate.swift */ = {isa = PBXFileReference; lastKnownFileType = sourcecode.swift; path = SceneDelegate.swift; sourceTree = "<group>"; };
		718504F1252623E8007C9DF3 /* ViewController.swift */ = {isa = PBXFileReference; lastKnownFileType = sourcecode.swift; path = ViewController.swift; sourceTree = "<group>"; };
		718504F4252623E8007C9DF3 /* Base */ = {isa = PBXFileReference; lastKnownFileType = file.storyboard; name = Base; path = Base.lproj/Main.storyboard; sourceTree = "<group>"; };
		718504F6252623E8007C9DF3 /* Assets.xcassets */ = {isa = PBXFileReference; lastKnownFileType = folder.assetcatalog; path = Assets.xcassets; sourceTree = "<group>"; };
		718504F9252623E8007C9DF3 /* Base */ = {isa = PBXFileReference; lastKnownFileType = file.storyboard; name = Base; path = Base.lproj/LaunchScreen.storyboard; sourceTree = "<group>"; };
		718504FB252623E8007C9DF3 /* Info.plist */ = {isa = PBXFileReference; lastKnownFileType = text.plist.xml; path = Info.plist; sourceTree = "<group>"; };
		71850500252623E8007C9DF3 /* eScannerTests.xctest */ = {isa = PBXFileReference; explicitFileType = wrapper.cfbundle; includeInIndex = 0; path = eScannerTests.xctest; sourceTree = BUILT_PRODUCTS_DIR; };
		71850504252623E8007C9DF3 /* eScannerTests.swift */ = {isa = PBXFileReference; lastKnownFileType = sourcecode.swift; path = eScannerTests.swift; sourceTree = "<group>"; };
		71850506252623E9007C9DF3 /* Info.plist */ = {isa = PBXFileReference; lastKnownFileType = text.plist.xml; path = Info.plist; sourceTree = "<group>"; };
		7185050B252623E9007C9DF3 /* eScannerUITests.xctest */ = {isa = PBXFileReference; explicitFileType = wrapper.cfbundle; includeInIndex = 0; path = eScannerUITests.xctest; sourceTree = BUILT_PRODUCTS_DIR; };
		7185050F252623E9007C9DF3 /* eScannerUITests.swift */ = {isa = PBXFileReference; lastKnownFileType = sourcecode.swift; path = eScannerUITests.swift; sourceTree = "<group>"; };
		71850511252623E9007C9DF3 /* Info.plist */ = {isa = PBXFileReference; lastKnownFileType = text.plist.xml; path = Info.plist; sourceTree = "<group>"; };
		71BB43C825669D0A006F1245 /* OcrTextView.swift */ = {isa = PBXFileReference; lastKnownFileType = sourcecode.swift; path = OcrTextView.swift; sourceTree = "<group>"; };
		71BDE3E32537A08C006D460F /* eAddViewController.swift */ = {isa = PBXFileReference; lastKnownFileType = sourcecode.swift; path = eAddViewController.swift; sourceTree = "<group>"; };
/* End PBXFileReference section */

/* Begin PBXFrameworksBuildPhase section */
		718504E7252623E8007C9DF3 /* Frameworks */ = {
			isa = PBXFrameworksBuildPhase;
			buildActionMask = 2147483647;
			files = (
			);
			runOnlyForDeploymentPostprocessing = 0;
		};
		718504FD252623E8007C9DF3 /* Frameworks */ = {
			isa = PBXFrameworksBuildPhase;
			buildActionMask = 2147483647;
			files = (
			);
			runOnlyForDeploymentPostprocessing = 0;
		};
		71850508252623E9007C9DF3 /* Frameworks */ = {
			isa = PBXFrameworksBuildPhase;
			buildActionMask = 2147483647;
			files = (
			);
			runOnlyForDeploymentPostprocessing = 0;
		};
/* End PBXFrameworksBuildPhase section */

/* Begin PBXGroup section */
		718504E1252623E8007C9DF3 = {
			isa = PBXGroup;
			children = (
				718504EC252623E8007C9DF3 /* eScanner */,
				71850503252623E8007C9DF3 /* eScannerTests */,
				7185050E252623E9007C9DF3 /* eScannerUITests */,
				718504EB252623E8007C9DF3 /* Products */,
			);
			sourceTree = "<group>";
		};
		718504EB252623E8007C9DF3 /* Products */ = {
			isa = PBXGroup;
			children = (
				718504EA252623E8007C9DF3 /* eScanner.app */,
				71850500252623E8007C9DF3 /* eScannerTests.xctest */,
				7185050B252623E9007C9DF3 /* eScannerUITests.xctest */,
			);
			name = Products;
			sourceTree = "<group>";
		};
		718504EC252623E8007C9DF3 /* eScanner */ = {
			isa = PBXGroup;
			children = (
				718504F1252623E8007C9DF3 /* ViewController.swift */,
				718504ED252623E8007C9DF3 /* AppDelegate.swift */,
				718504EF252623E8007C9DF3 /* SceneDelegate.swift */,
				718504F3252623E8007C9DF3 /* Main.storyboard */,
				714E7E65255B04FA00522F7A /* listCameraViewController.swift */,
				714E7E6A255B051900522F7A /* eAddCameraViewController.swift */,
				716A3AF62542043100A7DA2A /* preViewController.swift */,
				71212C4B2536008B008572F4 /* listViewController.swift */,
				71BDE3E32537A08C006D460F /* eAddViewController.swift */,
				718504F6252623E8007C9DF3 /* Assets.xcassets */,
				718504F8252623E8007C9DF3 /* LaunchScreen.storyboard */,
				718504FB252623E8007C9DF3 /* Info.plist */,
				71BB43C825669D0A006F1245 /* OcrTextView.swift */,
			);
			path = eScanner;
			sourceTree = "<group>";
		};
		71850503252623E8007C9DF3 /* eScannerTests */ = {
			isa = PBXGroup;
			children = (
				71850504252623E8007C9DF3 /* eScannerTests.swift */,
				71850506252623E9007C9DF3 /* Info.plist */,
			);
			path = eScannerTests;
			sourceTree = "<group>";
		};
		7185050E252623E9007C9DF3 /* eScannerUITests */ = {
			isa = PBXGroup;
			children = (
				7185050F252623E9007C9DF3 /* eScannerUITests.swift */,
				71850511252623E9007C9DF3 /* Info.plist */,
			);
			path = eScannerUITests;
			sourceTree = "<group>";
		};
/* End PBXGroup section */

/* Begin PBXNativeTarget section */
		718504E9252623E8007C9DF3 /* eScanner */ = {
			isa = PBXNativeTarget;
			buildConfigurationList = 71850514252623E9007C9DF3 /* Build configuration list for PBXNativeTarget "eScanner" */;
			buildPhases = (
				718504E6252623E8007C9DF3 /* Sources */,
				718504E7252623E8007C9DF3 /* Frameworks */,
				718504E8252623E8007C9DF3 /* Resources */,
			);
			buildRules = (
				71DD4628255D3B2400223C4D /* PBXBuildRule */,
			);
			dependencies = (
			);
			name = eScanner;
			packageProductDependencies = (
			);
			productName = eScanner;
			productReference = 718504EA252623E8007C9DF3 /* eScanner.app */;
			productType = "com.apple.product-type.application";
		};
		718504FF252623E8007C9DF3 /* eScannerTests */ = {
			isa = PBXNativeTarget;
			buildConfigurationList = 71850517252623E9007C9DF3 /* Build configuration list for PBXNativeTarget "eScannerTests" */;
			buildPhases = (
				718504FC252623E8007C9DF3 /* Sources */,
				718504FD252623E8007C9DF3 /* Frameworks */,
				718504FE252623E8007C9DF3 /* Resources */,
			);
			buildRules = (
			);
			dependencies = (
				71850502252623E8007C9DF3 /* PBXTargetDependency */,
			);
			name = eScannerTests;
			productName = eScannerTests;
			productReference = 71850500252623E8007C9DF3 /* eScannerTests.xctest */;
			productType = "com.apple.product-type.bundle.unit-test";
		};
		7185050A252623E9007C9DF3 /* eScannerUITests */ = {
			isa = PBXNativeTarget;
			buildConfigurationList = 7185051A252623E9007C9DF3 /* Build configuration list for PBXNativeTarget "eScannerUITests" */;
			buildPhases = (
				71850507252623E9007C9DF3 /* Sources */,
				71850508252623E9007C9DF3 /* Frameworks */,
				71850509252623E9007C9DF3 /* Resources */,
			);
			buildRules = (
			);
			dependencies = (
				7185050D252623E9007C9DF3 /* PBXTargetDependency */,
			);
			name = eScannerUITests;
			productName = eScannerUITests;
			productReference = 7185050B252623E9007C9DF3 /* eScannerUITests.xctest */;
			productType = "com.apple.product-type.bundle.ui-testing";
		};
/* End PBXNativeTarget section */

/* Begin PBXProject section */
		718504E2252623E8007C9DF3 /* Project object */ = {
			isa = PBXProject;
			attributes = {
				KnownAssetTags = (
					New,
				);
				LastSwiftUpdateCheck = 1200;
				LastUpgradeCheck = 1200;
				TargetAttributes = {
					718504E9252623E8007C9DF3 = {
						CreatedOnToolsVersion = 12.0.1;
					};
					718504FF252623E8007C9DF3 = {
						CreatedOnToolsVersion = 12.0.1;
						TestTargetID = 718504E9252623E8007C9DF3;
					};
					7185050A252623E9007C9DF3 = {
						CreatedOnToolsVersion = 12.0.1;
						TestTargetID = 718504E9252623E8007C9DF3;
					};
				};
			};
			buildConfigurationList = 718504E5252623E8007C9DF3 /* Build configuration list for PBXProject "eScanner" */;
			compatibilityVersion = "Xcode 9.3";
			developmentRegion = en;
			hasScannedForEncodings = 0;
			knownRegions = (
				en,
				Base,
			);
			mainGroup = 718504E1252623E8007C9DF3;
			packageReferences = (
			);
			productRefGroup = 718504EB252623E8007C9DF3 /* Products */;
			projectDirPath = "";
			projectRoot = "";
			targets = (
				718504E9252623E8007C9DF3 /* eScanner */,
				718504FF252623E8007C9DF3 /* eScannerTests */,
				7185050A252623E9007C9DF3 /* eScannerUITests */,
			);
		};
/* End PBXProject section */

/* Begin PBXResourcesBuildPhase section */
		718504E8252623E8007C9DF3 /* Resources */ = {
			isa = PBXResourcesBuildPhase;
			buildActionMask = 2147483647;
			files = (
				718504FA252623E8007C9DF3 /* LaunchScreen.storyboard in Resources */,
				718504F7252623E8007C9DF3 /* Assets.xcassets in Resources */,
				718504F5252623E8007C9DF3 /* Main.storyboard in Resources */,
			);
			runOnlyForDeploymentPostprocessing = 0;
		};
		718504FE252623E8007C9DF3 /* Resources */ = {
			isa = PBXResourcesBuildPhase;
			buildActionMask = 2147483647;
			files = (
			);
			runOnlyForDeploymentPostprocessing = 0;
		};
		71850509252623E9007C9DF3 /* Resources */ = {
			isa = PBXResourcesBuildPhase;
			buildActionMask = 2147483647;
			files = (
			);
			runOnlyForDeploymentPostprocessing = 0;
		};
/* End PBXResourcesBuildPhase section */

/* Begin PBXSourcesBuildPhase section */
		718504E6252623E8007C9DF3 /* Sources */ = {
			isa = PBXSourcesBuildPhase;
			buildActionMask = 2147483647;
			files = (
				716A3AF72542043100A7DA2A /* preViewController.swift in Sources */,
				71BDE3E42537A08C006D460F /* eAddViewController.swift in Sources */,
				714E7E66255B04FA00522F7A /* listCameraViewController.swift in Sources */,
				71212C4C2536008B008572F4 /* listViewController.swift in Sources */,
				718504F2252623E8007C9DF3 /* ViewController.swift in Sources */,
				714E7E6B255B051900522F7A /* eAddCameraViewController.swift in Sources */,
				718504EE252623E8007C9DF3 /* AppDelegate.swift in Sources */,
				71BB43C925669D0A006F1245 /* OcrTextView.swift in Sources */,
				718504F0252623E8007C9DF3 /* SceneDelegate.swift in Sources */,
			);
			runOnlyForDeploymentPostprocessing = 0;
		};
		718504FC252623E8007C9DF3 /* Sources */ = {
			isa = PBXSourcesBuildPhase;
			buildActionMask = 2147483647;
			files = (
				71850505252623E8007C9DF3 /* eScannerTests.swift in Sources */,
			);
			runOnlyForDeploymentPostprocessing = 0;
		};
		71850507252623E9007C9DF3 /* Sources */ = {
			isa = PBXSourcesBuildPhase;
			buildActionMask = 2147483647;
			files = (
				71850510252623E9007C9DF3 /* eScannerUITests.swift in Sources */,
			);
			runOnlyForDeploymentPostprocessing = 0;
		};
/* End PBXSourcesBuildPhase section */

/* Begin PBXTargetDependency section */
		71850502252623E8007C9DF3 /* PBXTargetDependency */ = {
			isa = PBXTargetDependency;
			target = 718504E9252623E8007C9DF3 /* eScanner */;
			targetProxy = 71850501252623E8007C9DF3 /* PBXContainerItemProxy */;
		};
		7185050D252623E9007C9DF3 /* PBXTargetDependency */ = {
			isa = PBXTargetDependency;
			target = 718504E9252623E8007C9DF3 /* eScanner */;
			targetProxy = 7185050C252623E9007C9DF3 /* PBXContainerItemProxy */;
		};
/* End PBXTargetDependency section */

/* Begin PBXVariantGroup section */
		718504F3252623E8007C9DF3 /* Main.storyboard */ = {
			isa = PBXVariantGroup;
			children = (
				718504F4252623E8007C9DF3 /* Base */,
			);
			name = Main.storyboard;
			sourceTree = "<group>";
		};
		718504F8252623E8007C9DF3 /* LaunchScreen.storyboard */ = {
			isa = PBXVariantGroup;
			children = (
				718504F9252623E8007C9DF3 /* Base */,
			);
			name = LaunchScreen.storyboard;
			sourceTree = "<group>";
		};
/* End PBXVariantGroup section */

/* Begin XCBuildConfiguration section */
		71850512252623E9007C9DF3 /* Debug */ = {
			isa = XCBuildConfiguration;
			buildSettings = {
				ALWAYS_SEARCH_USER_PATHS = NO;
				CLANG_ANALYZER_NONNULL = YES;
				CLANG_ANALYZER_NUMBER_OBJECT_CONVERSION = YES_AGGRESSIVE;
				CLANG_CXX_LANGUAGE_STANDARD = "gnu++14";
				CLANG_CXX_LIBRARY = "libc++";
				CLANG_ENABLE_MODULES = YES;
				CLANG_ENABLE_OBJC_ARC = YES;
				CLANG_ENABLE_OBJC_WEAK = YES;
				CLANG_WARN_BLOCK_CAPTURE_AUTORELEASING = YES;
				CLANG_WARN_BOOL_CONVERSION = YES;
				CLANG_WARN_COMMA = YES;
				CLANG_WARN_CONSTANT_CONVERSION = YES;
				CLANG_WARN_DEPRECATED_OBJC_IMPLEMENTATIONS = YES;
				CLANG_WARN_DIRECT_OBJC_ISA_USAGE = YES_ERROR;
				CLANG_WARN_DOCUMENTATION_COMMENTS = YES;
				CLANG_WARN_EMPTY_BODY = YES;
				CLANG_WARN_ENUM_CONVERSION = YES;
				CLANG_WARN_INFINITE_RECURSION = YES;
				CLANG_WARN_INT_CONVERSION = YES;
				CLANG_WARN_NON_LITERAL_NULL_CONVERSION = YES;
				CLANG_WARN_OBJC_IMPLICIT_RETAIN_SELF = YES;
				CLANG_WARN_OBJC_LITERAL_CONVERSION = YES;
				CLANG_WARN_OBJC_ROOT_CLASS = YES_ERROR;
				CLANG_WARN_QUOTED_INCLUDE_IN_FRAMEWORK_HEADER = YES;
				CLANG_WARN_RANGE_LOOP_ANALYSIS = YES;
				CLANG_WARN_STRICT_PROTOTYPES = YES;
				CLANG_WARN_SUSPICIOUS_MOVE = YES;
				CLANG_WARN_UNGUARDED_AVAILABILITY = YES_AGGRESSIVE;
				CLANG_WARN_UNREACHABLE_CODE = YES;
				CLANG_WARN__DUPLICATE_METHOD_MATCH = YES;
				COPY_PHASE_STRIP = NO;
				DEBUG_INFORMATION_FORMAT = dwarf;
				ENABLE_STRICT_OBJC_MSGSEND = YES;
				ENABLE_TESTABILITY = YES;
				GCC_C_LANGUAGE_STANDARD = gnu11;
				GCC_DYNAMIC_NO_PIC = NO;
				GCC_NO_COMMON_BLOCKS = YES;
				GCC_OPTIMIZATION_LEVEL = 0;
				GCC_PREPROCESSOR_DEFINITIONS = (
					"DEBUG=1",
					"$(inherited)",
				);
				GCC_WARN_64_TO_32_BIT_CONVERSION = YES;
				GCC_WARN_ABOUT_RETURN_TYPE = YES_ERROR;
				GCC_WARN_UNDECLARED_SELECTOR = YES;
				GCC_WARN_UNINITIALIZED_AUTOS = YES_AGGRESSIVE;
				GCC_WARN_UNUSED_FUNCTION = YES;
				GCC_WARN_UNUSED_VARIABLE = YES;
				IPHONEOS_DEPLOYMENT_TARGET = 14.0;
				MTL_ENABLE_DEBUG_INFO = INCLUDE_SOURCE;
				MTL_FAST_MATH = YES;
				ONLY_ACTIVE_ARCH = YES;
				SDKROOT = iphoneos;
				SWIFT_ACTIVE_COMPILATION_CONDITIONS = DEBUG;
				SWIFT_OPTIMIZATION_LEVEL = "-Onone";
			};
			name = Debug;
		};
		71850513252623E9007C9DF3 /* Release */ = {
			isa = XCBuildConfiguration;
			buildSettings = {
				ALWAYS_SEARCH_USER_PATHS = NO;
				CLANG_ANALYZER_NONNULL = YES;
				CLANG_ANALYZER_NUMBER_OBJECT_CONVERSION = YES_AGGRESSIVE;
				CLANG_CXX_LANGUAGE_STANDARD = "gnu++14";
				CLANG_CXX_LIBRARY = "libc++";
				CLANG_ENABLE_MODULES = YES;
				CLANG_ENABLE_OBJC_ARC = YES;
				CLANG_ENABLE_OBJC_WEAK = YES;
				CLANG_WARN_BLOCK_CAPTURE_AUTORELEASING = YES;
				CLANG_WARN_BOOL_CONVERSION = YES;
				CLANG_WARN_COMMA = YES;
				CLANG_WARN_CONSTANT_CONVERSION = YES;
				CLANG_WARN_DEPRECATED_OBJC_IMPLEMENTATIONS = YES;
				CLANG_WARN_DIRECT_OBJC_ISA_USAGE = YES_ERROR;
				CLANG_WARN_DOCUMENTATION_COMMENTS = YES;
				CLANG_WARN_EMPTY_BODY = YES;
				CLANG_WARN_ENUM_CONVERSION = YES;
				CLANG_WARN_INFINITE_RECURSION = YES;
				CLANG_WARN_INT_CONVERSION = YES;
				CLANG_WARN_NON_LITERAL_NULL_CONVERSION = YES;
				CLANG_WARN_OBJC_IMPLICIT_RETAIN_SELF = YES;
				CLANG_WARN_OBJC_LITERAL_CONVERSION = YES;
				CLANG_WARN_OBJC_ROOT_CLASS = YES_ERROR;
				CLANG_WARN_QUOTED_INCLUDE_IN_FRAMEWORK_HEADER = YES;
				CLANG_WARN_RANGE_LOOP_ANALYSIS = YES;
				CLANG_WARN_STRICT_PROTOTYPES = YES;
				CLANG_WARN_SUSPICIOUS_MOVE = YES;
				CLANG_WARN_UNGUARDED_AVAILABILITY = YES_AGGRESSIVE;
				CLANG_WARN_UNREACHABLE_CODE = YES;
				CLANG_WARN__DUPLICATE_METHOD_MATCH = YES;
				COPY_PHASE_STRIP = NO;
				DEBUG_INFORMATION_FORMAT = "dwarf-with-dsym";
				ENABLE_NS_ASSERTIONS = NO;
				ENABLE_STRICT_OBJC_MSGSEND = YES;
				GCC_C_LANGUAGE_STANDARD = gnu11;
				GCC_NO_COMMON_BLOCKS = YES;
				GCC_WARN_64_TO_32_BIT_CONVERSION = YES;
				GCC_WARN_ABOUT_RETURN_TYPE = YES_ERROR;
				GCC_WARN_UNDECLARED_SELECTOR = YES;
				GCC_WARN_UNINITIALIZED_AUTOS = YES_AGGRESSIVE;
				GCC_WARN_UNUSED_FUNCTION = YES;
				GCC_WARN_UNUSED_VARIABLE = YES;
				IPHONEOS_DEPLOYMENT_TARGET = 14.0;
				MTL_ENABLE_DEBUG_INFO = NO;
				MTL_FAST_MATH = YES;
				SDKROOT = iphoneos;
				SWIFT_COMPILATION_MODE = wholemodule;
				SWIFT_OPTIMIZATION_LEVEL = "-O";
				VALIDATE_PRODUCT = YES;
			};
			name = Release;
		};
		71850515252623E9007C9DF3 /* Debug */ = {
			isa = XCBuildConfiguration;
			buildSettings = {
				ASSETCATALOG_COMPILER_APPICON_NAME = AppIcon;
				ASSETCATALOG_COMPILER_GLOBAL_ACCENT_COLOR_NAME = AccentColor;
				CODE_SIGN_STYLE = Automatic;
				DEVELOPMENT_TEAM = 24XJJ2PX27;
				INFOPLIST_FILE = eScanner/Info.plist;
				IPHONEOS_DEPLOYMENT_TARGET = 14.2;
				LD_RUNPATH_SEARCH_PATHS = (
					"$(inherited)",
					"@executable_path/Frameworks",
				);
				PRODUCT_BUNDLE_IDENTIFIER = f1r45h.eScanner;
				PRODUCT_NAME = "$(TARGET_NAME)";
				SWIFT_VERSION = 5.0;
				TARGETED_DEVICE_FAMILY = "1,2";
			};
			name = Debug;
		};
		71850516252623E9007C9DF3 /* Release */ = {
			isa = XCBuildConfiguration;
			buildSettings = {
				ASSETCATALOG_COMPILER_APPICON_NAME = AppIcon;
				ASSETCATALOG_COMPILER_GLOBAL_ACCENT_COLOR_NAME = AccentColor;
				CODE_SIGN_STYLE = Automatic;
				DEVELOPMENT_TEAM = 24XJJ2PX27;
				INFOPLIST_FILE = eScanner/Info.plist;
				IPHONEOS_DEPLOYMENT_TARGET = 14.2;
				LD_RUNPATH_SEARCH_PATHS = (
					"$(inherited)",
					"@executable_path/Frameworks",
				);
				PRODUCT_BUNDLE_IDENTIFIER = f1r45h.eScanner;
				PRODUCT_NAME = "$(TARGET_NAME)";
				SWIFT_VERSION = 5.0;
				TARGETED_DEVICE_FAMILY = "1,2";
			};
			name = Release;
		};
		71850518252623E9007C9DF3 /* Debug */ = {
			isa = XCBuildConfiguration;
			buildSettings = {
				ALWAYS_EMBED_SWIFT_STANDARD_LIBRARIES = YES;
				BUNDLE_LOADER = "$(TEST_HOST)";
				CODE_SIGN_STYLE = Automatic;
				DEVELOPMENT_TEAM = 24XJJ2PX27;
				INFOPLIST_FILE = eScannerTests/Info.plist;
				IPHONEOS_DEPLOYMENT_TARGET = 14.0;
				LD_RUNPATH_SEARCH_PATHS = (
					"$(inherited)",
					"@executable_path/Frameworks",
					"@loader_path/Frameworks",
				);
				PRODUCT_BUNDLE_IDENTIFIER = f1r45h.eScannerTests;
				PRODUCT_NAME = "$(TARGET_NAME)";
				SWIFT_VERSION = 5.0;
				TARGETED_DEVICE_FAMILY = "1,2";
				TEST_HOST = "$(BUILT_PRODUCTS_DIR)/eScanner.app/eScanner";
			};
			name = Debug;
		};
		71850519252623E9007C9DF3 /* Release */ = {
			isa = XCBuildConfiguration;
			buildSettings = {
				ALWAYS_EMBED_SWIFT_STANDARD_LIBRARIES = YES;
				BUNDLE_LOADER = "$(TEST_HOST)";
				CODE_SIGN_STYLE = Automatic;
				DEVELOPMENT_TEAM = 24XJJ2PX27;
				INFOPLIST_FILE = eScannerTests/Info.plist;
				IPHONEOS_DEPLOYMENT_TARGET = 14.0;
				LD_RUNPATH_SEARCH_PATHS = (
					"$(inherited)",
					"@executable_path/Frameworks",
					"@loader_path/Frameworks",
				);
				PRODUCT_BUNDLE_IDENTIFIER = f1r45h.eScannerTests;
				PRODUCT_NAME = "$(TARGET_NAME)";
				SWIFT_VERSION = 5.0;
				TARGETED_DEVICE_FAMILY = "1,2";
				TEST_HOST = "$(BUILT_PRODUCTS_DIR)/eScanner.app/eScanner";
			};
			name = Release;
		};
		7185051B252623E9007C9DF3 /* Debug */ = {
			isa = XCBuildConfiguration;
			buildSettings = {
				ALWAYS_EMBED_SWIFT_STANDARD_LIBRARIES = YES;
				CODE_SIGN_STYLE = Automatic;
				DEVELOPMENT_TEAM = 24XJJ2PX27;
				INFOPLIST_FILE = eScannerUITests/Info.plist;
				LD_RUNPATH_SEARCH_PATHS = (
					"$(inherited)",
					"@executable_path/Frameworks",
					"@loader_path/Frameworks",
				);
				PRODUCT_BUNDLE_IDENTIFIER = f1r45h.eScannerUITests;
				PRODUCT_NAME = "$(TARGET_NAME)";
				SWIFT_VERSION = 5.0;
				TARGETED_DEVICE_FAMILY = "1,2";
				TEST_TARGET_NAME = eScanner;
			};
			name = Debug;
		};
		7185051C252623E9007C9DF3 /* Release */ = {
			isa = XCBuildConfiguration;
			buildSettings = {
				ALWAYS_EMBED_SWIFT_STANDARD_LIBRARIES = YES;
				CODE_SIGN_STYLE = Automatic;
				DEVELOPMENT_TEAM = 24XJJ2PX27;
				INFOPLIST_FILE = eScannerUITests/Info.plist;
				LD_RUNPATH_SEARCH_PATHS = (
					"$(inherited)",
					"@executable_path/Frameworks",
					"@loader_path/Frameworks",
				);
				PRODUCT_BUNDLE_IDENTIFIER = f1r45h.eScannerUITests;
				PRODUCT_NAME = "$(TARGET_NAME)";
				SWIFT_VERSION = 5.0;
				TARGETED_DEVICE_FAMILY = "1,2";
				TEST_TARGET_NAME = eScanner;
			};
			name = Release;
		};
/* End XCBuildConfiguration section */

/* Begin XCConfigurationList section */
		718504E5252623E8007C9DF3 /* Build configuration list for PBXProject "eScanner" */ = {
			isa = XCConfigurationList;
			buildConfigurations = (
				71850512252623E9007C9DF3 /* Debug */,
				71850513252623E9007C9DF3 /* Release */,
			);
			defaultConfigurationIsVisible = 0;
			defaultConfigurationName = Release;
		};
		71850514252623E9007C9DF3 /* Build configuration list for PBXNativeTarget "eScanner" */ = {
			isa = XCConfigurationList;
			buildConfigurations = (
				71850515252623E9007C9DF3 /* Debug */,
				71850516252623E9007C9DF3 /* Release */,
			);
			defaultConfigurationIsVisible = 0;
			defaultConfigurationName = Release;
		};
		71850517252623E9007C9DF3 /* Build configuration list for PBXNativeTarget "eScannerTests" */ = {
			isa = XCConfigurationList;
			buildConfigurations = (
				71850518252623E9007C9DF3 /* Debug */,
				71850519252623E9007C9DF3 /* Release */,
			);
			defaultConfigurationIsVisible = 0;
			defaultConfigurationName = Release;
		};
		7185051A252623E9007C9DF3 /* Build configuration list for PBXNativeTarget "eScannerUITests" */ = {
			isa = XCConfigurationList;
			buildConfigurations = (
				7185051B252623E9007C9DF3 /* Debug */,
				7185051C252623E9007C9DF3 /* Release */,
			);
			defaultConfigurationIsVisible = 0;
			defaultConfigurationName = Release;
		};
/* End XCConfigurationList section */
	};
	rootObject = 718504E2252623E8007C9DF3 /* Project object */;
}
